# auto-generated by grc.converter

id: capture_tools_one_then_zero
label: one_then_zero
category: '[capture_tools]'

parameters:
-   id: size
    label: IO Type
    dtype: enum
    options: [byte, float]
    option_attributes:
        size: [gr.sizeof_char, gr.sizeof_float]
    hide: part

outputs:
-   domain: stream
    dtype: ${ size }

templates:
    imports: import capture_tools
    make: capture_tools.one_then_zero(${size})

file_format: 1
