# auto-generated by grc.converter

id: capture_tools_bit_sniffer
label: bit_sniffer
category: '[capture_tools]'

parameters:
-   id: fade_out
    label: Fade out
    dtype: int
    default: '200'
-   id: scroll
    label: Scroll
    dtype: bool
    default: 'False'
    options: ['True', 'False']
    option_labels: ['Yes', 'No']
-   id: binary
    label: Binary printout
    dtype: bool
    default: 'True'
    options: ['True', 'False']
    option_labels: ['Yes', 'No']
-   id: hexadecimal
    label: Hex printout
    dtype: bool
    default: 'False'
    options: ['True', 'False']
    option_labels: ['Yes', 'No']
-   id: ascii
    label: Ascii printout
    dtype: bool
    default: 'False'
    options: ['True', 'False']
    option_labels: ['Yes', 'No']
-   id: special
    label: Special
    dtype: int
    default: '0'
    options: ['0', '1', '2', '3']
    option_labels: [None, Differential, Manchester 1, Manchester 2]
-   id: offset
    label: Offset
    dtype: int
    default: '0'
-   id: bits_per_word
    label: Bits per word
    dtype: int
    default: '8'
-   id: lsb
    label: LSB
    dtype: bool
    default: 'False'
    options: ['True', 'False']
    option_labels: ['Yes', 'No']
-   id: parity
    label: Parity
    dtype: bool
    default: 'False'
    options: ['True', 'False']
    option_labels: ['Yes', 'No']
-   id: invert
    label: Invert
    dtype: bool
    default: 'False'
    options: ['True', 'False']
    option_labels: ['Yes', 'No']
-   id: info
    label: Info such as frequency
    dtype: bool
    default: 'False'
    options: ['True', 'False']
    option_labels: ['Yes', 'No']
-   id: filename
    label: File name
    dtype: string
    default: '""'
-   id: diff
    label: diff
    dtype: raw
    default: 'False'
-   id: bitstuff
    label: bitstuff
    dtype: raw
    default: 'False'
-   id: show_magnitude
    label: Show magnitude
    dtype: bool
    default: 'False'
    options: ['True', 'False']
    option_labels: ['Yes', 'No']

inputs:
-   domain: message
    id: packets

outputs:
-   domain: message
    id: formatted_packets
    optional: true

templates:
    imports: import capture_tools
    make: |-
        capture_tools.bit_sniffer(${fade_out}, ${hexadecimal}, ${offset}, ${bits_per_word}, ${lsb}, ${parity}, ${ascii}, ${binary}, ${special}, ${scroll})
        self.${id}.set_info(${info})
        self.${id}.set_output(${filename})
        self.${id}.set_invert(${invert})
        self.${id}.set_diff(${diff})
        self.${id}.set_bitstuff(${bitstuff})
        self.${id}.set_show_magnitude(${show_magnitude})
    callbacks:
    - self.${id}.set_bitstuff(${bitstuff})
    - self.${id}.set_diff(${diff})
    - set_fade_out(${fade_out})
    - set_hexadecimal(${hexadecimal})
    - set_offset(${offset})
    - set_bits_per_word(${bits_per_word})
    - set_lsb(${lsb})
    - set_parity(${parity})
    - set_ascii(${ascii})
    - set_binary(${binary})
    - set_special(${special})
    - set_scroll(${scroll})
    - set_invert(${invert})
    - set_info(${info})
    - set_show_magnitude(${show_magnitude})

file_format: 1
