# auto-generated by grc.converter

id: capture_tools_annotate_every_n_samples_from_trigger_ff
label: annotate_every_n_samples_from_trigger_ff
category: '[capture_tools]'

parameters:
-   id: n
    label: N
    dtype: int
-   id: offset
    label: Offset
    dtype: int

inputs:
-   domain: stream
    dtype: float
-   label: threshold_in
    domain: stream
    dtype: float

outputs:
-   domain: stream
    dtype: float
-   label: strobe
    domain: stream
    dtype: float
    optional: true

templates:
    imports: import capture_tools
    make: capture_tools.annotate_every_n_samples_from_trigger_ff(${n}, ${offset})

file_format: 1
