# auto-generated by grc.converter

id: capture_tools_file_sink_on_message
label: file_sink_on_message
category: '[capture_tools]'

parameters:
-   id: '...'
    label: '...'
    dtype: '...'

inputs:
-   domain: stream
    dtype: ''

outputs:
-   domain: stream
    dtype: ''

templates:
    imports: import capture_tools
    make: capture_tools.file_sink_on_message(${itemsize}, $*filename, ${number_buffered},
        ${number_to_write}, ${queue})

file_format: 1
