# auto-generated by grc.converter

id: capture_tools_level_alert
label: level_alert
category: '[capture_tools]'

parameters:
-   id: '...'
    label: '...'
    dtype: '...'

inputs:
-   domain: stream
    dtype: ''

outputs:
-   domain: stream
    dtype: ''

templates:
    imports: import capture_tools
    make: capture_tools.level_alert(${level}, ${alert_queue})

file_format: 1
